
Microsoft Visual Studio Solution File, Format Version 12.00
# Visual Studio Version 17
VisualStudioVersion = 17.0.31912.275
MinimumVisualStudioVersion = 10.0.40219.1
Project("{FAE04EC0-301F-11D3-BF4B-00C04F79EFBC}") = "odev1", "odev1\odev1.csproj", "{38DB21C8-9287-493C-9493-4632558DD1DC}"
EndProject
Global
	GlobalSection(SolutionConfigurationPlatforms) = preSolution
		Debug|Any CPU = Debug|Any CPU
		Release|Any CPU = Release|Any CPU
	EndGlobalSection
	GlobalSection(ProjectConfigurationPlatforms) = postSolution
		{38DB21C8-9287-493C-9493-4632558DD1DC}.Debug|Any CPU.ActiveCfg = Debug|Any CPU
		{38DB21C8-9287-493C-9493-4632558DD1DC}.Debug|Any CPU.Build.0 = Debug|Any CPU
		{38DB21C8-9287-493C-9493-4632558DD1DC}.Release|Any CPU.ActiveCfg = Release|Any CPU
		{38DB21C8-9287-493C-9493-4632558DD1DC}.Release|Any CPU.Build.0 = Release|Any CPU
	EndGlobalSection
	GlobalSection(SolutionProperties) = preSolution
		HideSolutionNode = FALSE
	EndGlobalSection
	GlobalSection(ExtensibilityGlobals) = postSolution
		SolutionGuid = {E6A7EB43-D295-4794-B99F-D4826FB797CA}
	EndGlobalSection
EndGlobal
